// !$*UTF8*$!
{
	archiveVersion = 1;
	classes = {
	};
	objectVersion = 56;
	objects = {

/* Begin PBXBuildFile section */
		42C73D932A52A08000F52B85 /* iTriviaApp.swift in Sources */ = {isa = PBXBuildFile; fileRef = 42C73D922A52A08000F52B85 /* iTriviaApp.swift */; };
		42C73D972A52A08100F52B85 /* Assets.xcassets in Resources */ = {isa = PBXBuildFile; fileRef = 42C73D962A52A08100F52B85 /* Assets.xcassets */; };
		42C73D9A2A52A08100F52B85 /* Preview Assets.xcassets in Resources */ = {isa = PBXBuildFile; fileRef = 42C73D992A52A08100F52B85 /* Preview Assets.xcassets */; };
		42C73DA22A52A0F900F52B85 /* WelcomeScreen.swift in Sources */ = {isa = PBXBuildFile; fileRef = 42C73DA12A52A0F900F52B85 /* WelcomeScreen.swift */; };
		DDB88FCC2A54379A00A59691 /* NewQuizView.swift in Sources */ = {isa = PBXBuildFile; fileRef = DDB88FCB2A54379A00A59691 /* NewQuizView.swift */; };
		DDB88FCE2A5442AE00A59691 /* QuestionView.swift in Sources */ = {isa = PBXBuildFile; fileRef = DDB88FCD2A5442AE00A59691 /* QuestionView.swift */; };
		DDB88FD02A5442F300A59691 /* QuizManager.swift in Sources */ = {isa = PBXBuildFile; fileRef = DDB88FCF2A5442F300A59691 /* QuizManager.swift */; };
		DDF5C6C22A52D892001D1BB0 /* SignUpView.swift in Sources */ = {isa = PBXBuildFile; fileRef = DDF5C6C12A52D892001D1BB0 /* SignUpView.swift */; };
		DDF5C6C42A52DB6F001D1BB0 /* LogInView.swift in Sources */ = {isa = PBXBuildFile; fileRef = DDF5C6C32A52DB6F001D1BB0 /* LogInView.swift */; };
		DDF5C6C72A52E418001D1BB0 /* SignUpController.swift in Sources */ = {isa = PBXBuildFile; fileRef = DDF5C6C62A52E418001D1BB0 /* SignUpController.swift */; };
		DDF5C6C92A52E449001D1BB0 /* LogInController.swift in Sources */ = {isa = PBXBuildFile; fileRef = DDF5C6C82A52E449001D1BB0 /* LogInController.swift */; };
		DDF5C6CB2A52E5AD001D1BB0 /* AppDelegate.swift in Sources */ = {isa = PBXBuildFile; fileRef = DDF5C6CA2A52E5AD001D1BB0 /* AppDelegate.swift */; };
		DDF5C6CE2A52E7CF001D1BB0 /* FirebaseAuth in Frameworks */ = {isa = PBXBuildFile; productRef = DDF5C6CD2A52E7CF001D1BB0 /* FirebaseAuth */; };
		DDF5C6D02A52E7CF001D1BB0 /* FirebaseFirestore in Frameworks */ = {isa = PBXBuildFile; productRef = DDF5C6CF2A52E7CF001D1BB0 /* FirebaseFirestore */; };
		DDF5C6D42A52F226001D1BB0 /* GoogleService-Info.plist in Resources */ = {isa = PBXBuildFile; fileRef = DDF5C6D32A52F226001D1BB0 /* GoogleService-Info.plist */; };
		DDF5C6D62A52FA2F001D1BB0 /* HomeView.swift in Sources */ = {isa = PBXBuildFile; fileRef = DDF5C6D52A52FA2F001D1BB0 /* HomeView.swift */; };
/* End PBXBuildFile section */

/* Begin PBXFileReference section */
		42C73D8F2A52A08000F52B85 /* iTrivia.app */ = {isa = PBXFileReference; explicitFileType = wrapper.application; includeInIndex = 0; path = iTrivia.app; sourceTree = BUILT_PRODUCTS_DIR; };
		42C73D922A52A08000F52B85 /* iTriviaApp.swift */ = {isa = PBXFileReference; lastKnownFileType = sourcecode.swift; path = iTriviaApp.swift; sourceTree = "<group>"; };
		42C73D962A52A08100F52B85 /* Assets.xcassets */ = {isa = PBXFileReference; lastKnownFileType = folder.assetcatalog; path = Assets.xcassets; sourceTree = "<group>"; };
		42C73D992A52A08100F52B85 /* Preview Assets.xcassets */ = {isa = PBXFileReference; lastKnownFileType = folder.assetcatalog; path = "Preview Assets.xcassets"; sourceTree = "<group>"; };
		42C73DA12A52A0F900F52B85 /* WelcomeScreen.swift */ = {isa = PBXFileReference; lastKnownFileType = sourcecode.swift; path = WelcomeScreen.swift; sourceTree = "<group>"; };
		DDB88FCB2A54379A00A59691 /* NewQuizView.swift */ = {isa = PBXFileReference; lastKnownFileType = sourcecode.swift; path = NewQuizView.swift; sourceTree = "<group>"; };
		DDB88FCD2A5442AE00A59691 /* QuestionView.swift */ = {isa = PBXFileReference; lastKnownFileType = sourcecode.swift; path = QuestionView.swift; sourceTree = "<group>"; };
		DDB88FCF2A5442F300A59691 /* QuizManager.swift */ = {isa = PBXFileReference; lastKnownFileType = sourcecode.swift; path = QuizManager.swift; sourceTree = "<group>"; };
		DDF5C6C12A52D892001D1BB0 /* SignUpView.swift */ = {isa = PBXFileReference; lastKnownFileType = sourcecode.swift; path = SignUpView.swift; sourceTree = "<group>"; };
		DDF5C6C32A52DB6F001D1BB0 /* LogInView.swift */ = {isa = PBXFileReference; lastKnownFileType = sourcecode.swift; path = LogInView.swift; sourceTree = "<group>"; };
		DDF5C6C62A52E418001D1BB0 /* SignUpController.swift */ = {isa = PBXFileReference; lastKnownFileType = sourcecode.swift; path = SignUpController.swift; sourceTree = "<group>"; };
		DDF5C6C82A52E449001D1BB0 /* LogInController.swift */ = {isa = PBXFileReference; lastKnownFileType = sourcecode.swift; path = LogInController.swift; sourceTree = "<group>"; };
		DDF5C6CA2A52E5AD001D1BB0 /* AppDelegate.swift */ = {isa = PBXFileReference; lastKnownFileType = sourcecode.swift; path = AppDelegate.swift; sourceTree = "<group>"; };
		DDF5C6D32A52F226001D1BB0 /* GoogleService-Info.plist */ = {isa = PBXFileReference; fileEncoding = 4; lastKnownFileType = text.plist.xml; path = "GoogleService-Info.plist"; sourceTree = "<group>"; };
		DDF5C6D52A52FA2F001D1BB0 /* HomeView.swift */ = {isa = PBXFileReference; lastKnownFileType = sourcecode.swift; path = HomeView.swift; sourceTree = "<group>"; };
/* End PBXFileReference section */

/* Begin PBXFrameworksBuildPhase section */
		42C73D8C2A52A08000F52B85 /* Frameworks */ = {
			isa = PBXFrameworksBuildPhase;
			buildActionMask = 2147483647;
			files = (
				DDF5C6CE2A52E7CF001D1BB0 /* FirebaseAuth in Frameworks */,
				DDF5C6D02A52E7CF001D1BB0 /* FirebaseFirestore in Frameworks */,
			);
			runOnlyForDeploymentPostprocessing = 0;
		};
/* End PBXFrameworksBuildPhase section */

/* Begin PBXGroup section */
		42C73D862A52A08000F52B85 = {
			isa = PBXGroup;
			children = (
				42C73D912A52A08000F52B85 /* iTrivia */,
				42C73D902A52A08000F52B85 /* Products */,
			);
			sourceTree = "<group>";
		};
		42C73D902A52A08000F52B85 /* Products */ = {
			isa = PBXGroup;
			children = (
				42C73D8F2A52A08000F52B85 /* iTrivia.app */,
			);
			name = Products;
			sourceTree = "<group>";
		};
		42C73D912A52A08000F52B85 /* iTrivia */ = {
			isa = PBXGroup;
			children = (
				DDF5C6CA2A52E5AD001D1BB0 /* AppDelegate.swift */,
				42C73DA02A52A0E800F52B85 /* Views */,
				42C73D922A52A08000F52B85 /* iTriviaApp.swift */,
				DDF5C6C52A52E3AA001D1BB0 /* Controllers */,
				42C73D962A52A08100F52B85 /* Assets.xcassets */,
				DDF5C6D32A52F226001D1BB0 /* GoogleService-Info.plist */,
				42C73D982A52A08100F52B85 /* Preview Content */,
			);
			path = iTrivia;
			sourceTree = "<group>";
		};
		42C73D982A52A08100F52B85 /* Preview Content */ = {
			isa = PBXGroup;
			children = (
				42C73D992A52A08100F52B85 /* Preview Assets.xcassets */,
			);
			path = "Preview Content";
			sourceTree = "<group>";
		};
		42C73DA02A52A0E800F52B85 /* Views */ = {
			isa = PBXGroup;
			children = (
				42C73DA12A52A0F900F52B85 /* WelcomeScreen.swift */,
				DDF5C6C12A52D892001D1BB0 /* SignUpView.swift */,
				DDF5C6C32A52DB6F001D1BB0 /* LogInView.swift */,
				DDF5C6D52A52FA2F001D1BB0 /* HomeView.swift */,
				DDB88FCB2A54379A00A59691 /* NewQuizView.swift */,
				DDB88FCD2A5442AE00A59691 /* QuestionView.swift */,
			);
			path = Views;
			sourceTree = "<group>";
		};
		DDF5C6C52A52E3AA001D1BB0 /* Controllers */ = {
			isa = PBXGroup;
			children = (
				DDF5C6C62A52E418001D1BB0 /* SignUpController.swift */,
				DDF5C6C82A52E449001D1BB0 /* LogInController.swift */,
				DDB88FCF2A5442F300A59691 /* QuizManager.swift */,
			);
			path = Controllers;
			sourceTree = "<group>";
		};
/* End PBXGroup section */

/* Begin PBXNativeTarget section */
		42C73D8E2A52A08000F52B85 /* iTrivia */ = {
			isa = PBXNativeTarget;
			buildConfigurationList = 42C73D9D2A52A08100F52B85 /* Build configuration list for PBXNativeTarget "iTrivia" */;
			buildPhases = (
				42C73D8B2A52A08000F52B85 /* Sources */,
				42C73D8C2A52A08000F52B85 /* Frameworks */,
				42C73D8D2A52A08000F52B85 /* Resources */,
			);
			buildRules = (
			);
			dependencies = (
			);
			name = iTrivia;
			packageProductDependencies = (
				DDF5C6CD2A52E7CF001D1BB0 /* FirebaseAuth */,
				DDF5C6CF2A52E7CF001D1BB0 /* FirebaseFirestore */,
			);
			productName = iTrivia;
			productReference = 42C73D8F2A52A08000F52B85 /* iTrivia.app */;
			productType = "com.apple.product-type.application";
		};
/* End PBXNativeTarget section */

/* Begin PBXProject section */
		42C73D872A52A08000F52B85 /* Project object */ = {
			isa = PBXProject;
			attributes = {
				BuildIndependentTargetsInParallel = 1;
				LastSwiftUpdateCheck = 1430;
				LastUpgradeCheck = 1430;
				TargetAttributes = {
					42C73D8E2A52A08000F52B85 = {
						CreatedOnToolsVersion = 14.3.1;
					};
				};
			};
			buildConfigurationList = 42C73D8A2A52A08000F52B85 /* Build configuration list for PBXProject "iTrivia" */;
			compatibilityVersion = "Xcode 14.0";
			developmentRegion = en;
			hasScannedForEncodings = 0;
			knownRegions = (
				en,
				Base,
			);
			mainGroup = 42C73D862A52A08000F52B85;
			packageReferences = (
				DDF5C6CC2A52E7CF001D1BB0 /* XCRemoteSwiftPackageReference "firebase-ios-sdk" */,
			);
			productRefGroup = 42C73D902A52A08000F52B85 /* Products */;
			projectDirPath = "";
			projectRoot = "";
			targets = (
				42C73D8E2A52A08000F52B85 /* iTrivia */,
			);
		};
/* End PBXProject section */

/* Begin PBXResourcesBuildPhase section */
		42C73D8D2A52A08000F52B85 /* Resources */ = {
			isa = PBXResourcesBuildPhase;
			buildActionMask = 2147483647;
			files = (
				42C73D9A2A52A08100F52B85 /* Preview Assets.xcassets in Resources */,
				42C73D972A52A08100F52B85 /* Assets.xcassets in Resources */,
				DDF5C6D42A52F226001D1BB0 /* GoogleService-Info.plist in Resources */,
			);
			runOnlyForDeploymentPostprocessing = 0;
		};
/* End PBXResourcesBuildPhase section */

/* Begin PBXSourcesBuildPhase section */
		42C73D8B2A52A08000F52B85 /* Sources */ = {
			isa = PBXSourcesBuildPhase;
			buildActionMask = 2147483647;
			files = (
				DDB88FCE2A5442AE00A59691 /* QuestionView.swift in Sources */,
				DDF5C6CB2A52E5AD001D1BB0 /* AppDelegate.swift in Sources */,
				DDB88FCC2A54379A00A59691 /* NewQuizView.swift in Sources */,
				DDF5C6C42A52DB6F001D1BB0 /* LogInView.swift in Sources */,
				DDF5C6C22A52D892001D1BB0 /* SignUpView.swift in Sources */,
				DDF5C6C92A52E449001D1BB0 /* LogInController.swift in Sources */,
				42C73DA22A52A0F900F52B85 /* WelcomeScreen.swift in Sources */,
				DDB88FD02A5442F300A59691 /* QuizManager.swift in Sources */,
				DDF5C6D62A52FA2F001D1BB0 /* HomeView.swift in Sources */,
				42C73D932A52A08000F52B85 /* iTriviaApp.swift in Sources */,
				DDF5C6C72A52E418001D1BB0 /* SignUpController.swift in Sources */,
			);
			runOnlyForDeploymentPostprocessing = 0;
		};
/* End PBXSourcesBuildPhase section */

/* Begin XCBuildConfiguration section */
		42C73D9B2A52A08100F52B85 /* Debug */ = {
			isa = XCBuildConfiguration;
			buildSettings = {
				ALWAYS_SEARCH_USER_PATHS = NO;
				CLANG_ANALYZER_NONNULL = YES;
				CLANG_ANALYZER_NUMBER_OBJECT_CONVERSION = YES_AGGRESSIVE;
				CLANG_CXX_LANGUAGE_STANDARD = "gnu++20";
				CLANG_ENABLE_MODULES = YES;
				CLANG_ENABLE_OBJC_ARC = YES;
				CLANG_ENABLE_OBJC_WEAK = YES;
				CLANG_WARN_BLOCK_CAPTURE_AUTORELEASING = YES;
				CLANG_WARN_BOOL_CONVERSION = YES;
				CLANG_WARN_COMMA = YES;
				CLANG_WARN_CONSTANT_CONVERSION = YES;
				CLANG_WARN_DEPRECATED_OBJC_IMPLEMENTATIONS = YES;
				CLANG_WARN_DIRECT_OBJC_ISA_USAGE = YES_ERROR;
				CLANG_WARN_DOCUMENTATION_COMMENTS = YES;
				CLANG_WARN_EMPTY_BODY = YES;
				CLANG_WARN_ENUM_CONVERSION = YES;
				CLANG_WARN_INFINITE_RECURSION = YES;
				CLANG_WARN_INT_CONVERSION = YES;
				CLANG_WARN_NON_LITERAL_NULL_CONVERSION = YES;
				CLANG_WARN_OBJC_IMPLICIT_RETAIN_SELF = YES;
				CLANG_WARN_OBJC_LITERAL_CONVERSION = YES;
				CLANG_WARN_OBJC_ROOT_CLASS = YES_ERROR;
				CLANG_WARN_QUOTED_INCLUDE_IN_FRAMEWORK_HEADER = YES;
				CLANG_WARN_RANGE_LOOP_ANALYSIS = YES;
				CLANG_WARN_STRICT_PROTOTYPES = YES;
				CLANG_WARN_SUSPICIOUS_MOVE = YES;
				CLANG_WARN_UNGUARDED_AVAILABILITY = YES_AGGRESSIVE;
				CLANG_WARN_UNREACHABLE_CODE = YES;
				CLANG_WARN__DUPLICATE_METHOD_MATCH = YES;
				COPY_PHASE_STRIP = NO;
				DEBUG_INFORMATION_FORMAT = dwarf;
				ENABLE_STRICT_OBJC_MSGSEND = YES;
				ENABLE_TESTABILITY = YES;
				GCC_C_LANGUAGE_STANDARD = gnu11;
				GCC_DYNAMIC_NO_PIC = NO;
				GCC_NO_COMMON_BLOCKS = YES;
				GCC_OPTIMIZATION_LEVEL = 0;
				GCC_PREPROCESSOR_DEFINITIONS = (
					"DEBUG=1",
					"$(inherited)",
				);
				GCC_WARN_64_TO_32_BIT_CONVERSION = YES;
				GCC_WARN_ABOUT_RETURN_TYPE = YES_ERROR;
				GCC_WARN_UNDECLARED_SELECTOR = YES;
				GCC_WARN_UNINITIALIZED_AUTOS = YES_AGGRESSIVE;
				GCC_WARN_UNUSED_FUNCTION = YES;
				GCC_WARN_UNUSED_VARIABLE = YES;
				IPHONEOS_DEPLOYMENT_TARGET = 16.4;
				MTL_ENABLE_DEBUG_INFO = INCLUDE_SOURCE;
				MTL_FAST_MATH = YES;
				ONLY_ACTIVE_ARCH = YES;
				SDKROOT = iphoneos;
				SWIFT_ACTIVE_COMPILATION_CONDITIONS = DEBUG;
				SWIFT_OPTIMIZATION_LEVEL = "-Onone";
			};
			name = Debug;
		};
		42C73D9C2A52A08100F52B85 /* Release */ = {
			isa = XCBuildConfiguration;
			buildSettings = {
				ALWAYS_SEARCH_USER_PATHS = NO;
				CLANG_ANALYZER_NONNULL = YES;
				CLANG_ANALYZER_NUMBER_OBJECT_CONVERSION = YES_AGGRESSIVE;
				CLANG_CXX_LANGUAGE_STANDARD = "gnu++20";
				CLANG_ENABLE_MODULES = YES;
				CLANG_ENABLE_OBJC_ARC = YES;
				CLANG_ENABLE_OBJC_WEAK = YES;
				CLANG_WARN_BLOCK_CAPTURE_AUTORELEASING = YES;
				CLANG_WARN_BOOL_CONVERSION = YES;
				CLANG_WARN_COMMA = YES;
				CLANG_WARN_CONSTANT_CONVERSION = YES;
				CLANG_WARN_DEPRECATED_OBJC_IMPLEMENTATIONS = YES;
				CLANG_WARN_DIRECT_OBJC_ISA_USAGE = YES_ERROR;
				CLANG_WARN_DOCUMENTATION_COMMENTS = YES;
				CLANG_WARN_EMPTY_BODY = YES;
				CLANG_WARN_ENUM_CONVERSION = YES;
				CLANG_WARN_INFINITE_RECURSION = YES;
				CLANG_WARN_INT_CONVERSION = YES;
				CLANG_WARN_NON_LITERAL_NULL_CONVERSION = YES;
				CLANG_WARN_OBJC_IMPLICIT_RETAIN_SELF = YES;
				CLANG_WARN_OBJC_LITERAL_CONVERSION = YES;
				CLANG_WARN_OBJC_ROOT_CLASS = YES_ERROR;
				CLANG_WARN_QUOTED_INCLUDE_IN_FRAMEWORK_HEADER = YES;
				CLANG_WARN_RANGE_LOOP_ANALYSIS = YES;
				CLANG_WARN_STRICT_PROTOTYPES = YES;
				CLANG_WARN_SUSPICIOUS_MOVE = YES;
				CLANG_WARN_UNGUARDED_AVAILABILITY = YES_AGGRESSIVE;
				CLANG_WARN_UNREACHABLE_CODE = YES;
				CLANG_WARN__DUPLICATE_METHOD_MATCH = YES;
				COPY_PHASE_STRIP = NO;
				DEBUG_INFORMATION_FORMAT = "dwarf-with-dsym";
				ENABLE_NS_ASSERTIONS = NO;
				ENABLE_STRICT_OBJC_MSGSEND = YES;
				GCC_C_LANGUAGE_STANDARD = gnu11;
				GCC_NO_COMMON_BLOCKS = YES;
				GCC_WARN_64_TO_32_BIT_CONVERSION = YES;
				GCC_WARN_ABOUT_RETURN_TYPE = YES_ERROR;
				GCC_WARN_UNDECLARED_SELECTOR = YES;
				GCC_WARN_UNINITIALIZED_AUTOS = YES_AGGRESSIVE;
				GCC_WARN_UNUSED_FUNCTION = YES;
				GCC_WARN_UNUSED_VARIABLE = YES;
				IPHONEOS_DEPLOYMENT_TARGET = 16.4;
				MTL_ENABLE_DEBUG_INFO = NO;
				MTL_FAST_MATH = YES;
				SDKROOT = iphoneos;
				SWIFT_COMPILATION_MODE = wholemodule;
				SWIFT_OPTIMIZATION_LEVEL = "-O";
				VALIDATE_PRODUCT = YES;
			};
			name = Release;
		};
		42C73D9E2A52A08100F52B85 /* Debug */ = {
			isa = XCBuildConfiguration;
			buildSettings = {
				ASSETCATALOG_COMPILER_APPICON_NAME = AppIcon;
				ASSETCATALOG_COMPILER_GLOBAL_ACCENT_COLOR_NAME = AccentColor;
				CODE_SIGN_STYLE = Automatic;
				CURRENT_PROJECT_VERSION = 1;
				DEVELOPMENT_ASSET_PATHS = "\"iTrivia/Preview Content\"";
				DEVELOPMENT_TEAM = 4RUKJ5BRNZ;
				ENABLE_PREVIEWS = YES;
				GENERATE_INFOPLIST_FILE = YES;
				INFOPLIST_KEY_UIApplicationSceneManifest_Generation = YES;
				INFOPLIST_KEY_UIApplicationSupportsIndirectInputEvents = YES;
				INFOPLIST_KEY_UILaunchScreen_Generation = YES;
				INFOPLIST_KEY_UISupportedInterfaceOrientations_iPad = "UIInterfaceOrientationPortrait UIInterfaceOrientationPortraitUpsideDown UIInterfaceOrientationLandscapeLeft UIInterfaceOrientationLandscapeRight";
				INFOPLIST_KEY_UISupportedInterfaceOrientations_iPhone = "UIInterfaceOrientationPortrait UIInterfaceOrientationLandscapeLeft UIInterfaceOrientationLandscapeRight";
				LD_RUNPATH_SEARCH_PATHS = (
					"$(inherited)",
					"@executable_path/Frameworks",
				);
				MARKETING_VERSION = 1.0;
				PRODUCT_BUNDLE_IDENTIFIER = com.davron.iTrivia;
				PRODUCT_NAME = "$(TARGET_NAME)";
				SWIFT_EMIT_LOC_STRINGS = YES;
				SWIFT_VERSION = 5.0;
				TARGETED_DEVICE_FAMILY = "1,2";
			};
			name = Debug;
		};
		42C73D9F2A52A08100F52B85 /* Release */ = {
			isa = XCBuildConfiguration;
			buildSettings = {
				ASSETCATALOG_COMPILER_APPICON_NAME = AppIcon;
				ASSETCATALOG_COMPILER_GLOBAL_ACCENT_COLOR_NAME = AccentColor;
				CODE_SIGN_STYLE = Automatic;
				CURRENT_PROJECT_VERSION = 1;
				DEVELOPMENT_ASSET_PATHS = "\"iTrivia/Preview Content\"";
				DEVELOPMENT_TEAM = 4RUKJ5BRNZ;
				ENABLE_PREVIEWS = YES;
				GENERATE_INFOPLIST_FILE = YES;
				INFOPLIST_KEY_UIApplicationSceneManifest_Generation = YES;
				INFOPLIST_KEY_UIApplicationSupportsIndirectInputEvents = YES;
				INFOPLIST_KEY_UILaunchScreen_Generation = YES;
				INFOPLIST_KEY_UISupportedInterfaceOrientations_iPad = "UIInterfaceOrientationPortrait UIInterfaceOrientationPortraitUpsideDown UIInterfaceOrientationLandscapeLeft UIInterfaceOrientationLandscapeRight";
				INFOPLIST_KEY_UISupportedInterfaceOrientations_iPhone = "UIInterfaceOrientationPortrait UIInterfaceOrientationLandscapeLeft UIInterfaceOrientationLandscapeRight";
				LD_RUNPATH_SEARCH_PATHS = (
					"$(inherited)",
					"@executable_path/Frameworks",
				);
				MARKETING_VERSION = 1.0;
				PRODUCT_BUNDLE_IDENTIFIER = com.davron.iTrivia;
				PRODUCT_NAME = "$(TARGET_NAME)";
				SWIFT_EMIT_LOC_STRINGS = YES;
				SWIFT_VERSION = 5.0;
				TARGETED_DEVICE_FAMILY = "1,2";
			};
			name = Release;
		};
/* End XCBuildConfiguration section */

/* Begin XCConfigurationList section */
		42C73D8A2A52A08000F52B85 /* Build configuration list for PBXProject "iTrivia" */ = {
			isa = XCConfigurationList;
			buildConfigurations = (
				42C73D9B2A52A08100F52B85 /* Debug */,
				42C73D9C2A52A08100F52B85 /* Release */,
			);
			defaultConfigurationIsVisible = 0;
			defaultConfigurationName = Release;
		};
		42C73D9D2A52A08100F52B85 /* Build configuration list for PBXNativeTarget "iTrivia" */ = {
			isa = XCConfigurationList;
			buildConfigurations = (
				42C73D9E2A52A08100F52B85 /* Debug */,
				42C73D9F2A52A08100F52B85 /* Release */,
			);
			defaultConfigurationIsVisible = 0;
			defaultConfigurationName = Release;
		};
/* End XCConfigurationList section */

/* Begin XCRemoteSwiftPackageReference section */
		DDF5C6CC2A52E7CF001D1BB0 /* XCRemoteSwiftPackageReference "firebase-ios-sdk" */ = {
			isa = XCRemoteSwiftPackageReference;
			repositoryURL = "https://github.com/firebase/firebase-ios-sdk";
			requirement = {
				kind = exactVersion;
				version = 10.11.0;
			};
		};
/* End XCRemoteSwiftPackageReference section */

/* Begin XCSwiftPackageProductDependency section */
		DDF5C6CD2A52E7CF001D1BB0 /* FirebaseAuth */ = {
			isa = XCSwiftPackageProductDependency;
			package = DDF5C6CC2A52E7CF001D1BB0 /* XCRemoteSwiftPackageReference "firebase-ios-sdk" */;
			productName = FirebaseAuth;
		};
		DDF5C6CF2A52E7CF001D1BB0 /* FirebaseFirestore */ = {
			isa = XCSwiftPackageProductDependency;
			package = DDF5C6CC2A52E7CF001D1BB0 /* XCRemoteSwiftPackageReference "firebase-ios-sdk" */;
			productName = FirebaseFirestore;
		};
/* End XCSwiftPackageProductDependency section */
	};
	rootObject = 42C73D872A52A08000F52B85 /* Project object */;
}
